
Microsoft Visual Studio Solution File, Format Version 12.00
# Visual Studio Version 16
VisualStudioVersion = 16.0.30204.135
MinimumVisualStudioVersion = 10.0.40219.1
Project("{FAE04EC0-301F-11D3-BF4B-00C04F79EFBC}") = "BJB_Vidly", "BJB_Vidly\BJB_Vidly.csproj", "{6D5A5960-9CB7-40C5-823B-FEDAEDCFC7D3}"
EndProject
Global
	GlobalSection(SolutionConfigurationPlatforms) = preSolution
		Debug|Any CPU = Debug|Any CPU
		Release|Any CPU = Release|Any CPU
	EndGlobalSection
	GlobalSection(ProjectConfigurationPlatforms) = postSolution
		{6D5A5960-9CB7-40C5-823B-FEDAEDCFC7D3}.Debug|Any CPU.ActiveCfg = Debug|Any CPU
		{6D5A5960-9CB7-40C5-823B-FEDAEDCFC7D3}.Debug|Any CPU.Build.0 = Debug|Any CPU
		{6D5A5960-9CB7-40C5-823B-FEDAEDCFC7D3}.Release|Any CPU.ActiveCfg = Release|Any CPU
		{6D5A5960-9CB7-40C5-823B-FEDAEDCFC7D3}.Release|Any CPU.Build.0 = Release|Any CPU
	EndGlobalSection
	GlobalSection(SolutionProperties) = preSolution
		HideSolutionNode = FALSE
	EndGlobalSection
	GlobalSection(ExtensibilityGlobals) = postSolution
		SolutionGuid = {39B5D82C-A558-49F8-8A4D-1D87A7632905}
	EndGlobalSection
EndGlobal
